// !$*UTF8*$!
{
	archiveVersion = 1;
	classes = {
	};
	objectVersion = 77;
	objects = {

/* Begin PBXBuildFile section */
		0AF0C0012E80000000000001 /* OKFKit in Frameworks */ = {isa = PBXBuildFile; productRef = 0AF0C0032E80000000000003 /* OKFKit */; };
		0AF0C0042E80000000000004 /* MarkifyMarkdown in Frameworks */ = {isa = PBXBuildFile; productRef = 0AF0C0062E80000000000006 /* MarkifyMarkdown */; };
		5B0C0A012E90000000000001 /* Sparkle in Frameworks */ = {isa = PBXBuildFile; productRef = 5B0C0A022E90000000000002 /* Sparkle */; };
		63EF882373BE43B3B75148B0 /* Sentry in Frameworks */ = {isa = PBXBuildFile; productRef = DF6556DC67E646B4AE9187DB /* Sentry */; };
		76A591142DC953870033A6AC /* Markdown in Frameworks */ = {isa = PBXBuildFile; productRef = 76A591132DC953870033A6AC /* Markdown */; };
		A1F9C0012DC953870033A6AC /* SwaTexRender in Frameworks */ = {isa = PBXBuildFile; productRef = A1F9C0022DC953870033A6AC /* SwaTexRender */; };
		B10000000000000000000001 /* MarkifyQuickLook.appex in Embed Foundation Extensions */ = {isa = PBXBuildFile; fileRef = B10000000000000000000002 /* MarkifyQuickLook.appex */; settings = {ATTRIBUTES = (RemoveHeadersOnCopy, ); }; };
		B10000000000000000000003 /* MarkifyMarkdown in Frameworks */ = {isa = PBXBuildFile; productRef = 0AF0C0062E80000000000006 /* MarkifyMarkdown */; };
		B10000000000000000000004 /* SwaTexRender in Frameworks */ = {isa = PBXBuildFile; productRef = A1F9C0022DC953870033A6AC /* SwaTexRender */; };
		B10000000000000000000005 /* Markify/MathSVG.swift in Sources */ = {isa = PBXBuildFile; fileRef = B10000000000000000000006 /* Markify/MathSVG.swift */; };
		B10000000000000000000007 /* Markify/Mermaid.swift in Sources */ = {isa = PBXBuildFile; fileRef = B10000000000000000000008 /* Markify/Mermaid.swift */; };
		B10000000000000000000019 /* Markify/DiagramCache.swift in Sources */ = {isa = PBXBuildFile; fileRef = B1000000000000000000001A /* Markify/DiagramCache.swift */; };
		B10000000000000000000009 /* Markify/Resources/Mermaid/mermaid.html in Resources */ = {isa = PBXBuildFile; fileRef = B1000000000000000000000A /* Markify/Resources/Mermaid/mermaid.html */; };
		B1000000000000000000000B /* Markify/Resources/Mermaid/mermaid.min.js in Resources */ = {isa = PBXBuildFile; fileRef = B1000000000000000000000C /* Markify/Resources/Mermaid/mermaid.min.js */; };
		C10000000000000000000001 /* PreviewImages.xpc in Embed XPC Services */ = {isa = PBXBuildFile; fileRef = C10000000000000000000002 /* PreviewImages.xpc */; settings = {ATTRIBUTES = (CodeSignOnCopy, RemoveHeadersOnCopy, ); }; };
		C10000000000000000000003 /* QuickLook/PreviewImageProtocol.swift in Sources */ = {isa = PBXBuildFile; fileRef = C10000000000000000000004 /* QuickLook/PreviewImageProtocol.swift */; };
		C10000000000000000000005 /* MarkifyMarkdown in Frameworks */ = {isa = PBXBuildFile; productRef = 0AF0C0062E80000000000006 /* MarkifyMarkdown */; };
/* End PBXBuildFile section */

/* Begin PBXContainerItemProxy section */
		76A590F62DC952980033A6AC /* PBXContainerItemProxy */ = {
			isa = PBXContainerItemProxy;
			containerPortal = 76A590DF2DC952970033A6AC /* Project object */;
			proxyType = 1;
			remoteGlobalIDString = 76A590E62DC952970033A6AC;
			remoteInfo = Markify;
		};
		76A591002DC952980033A6AC /* PBXContainerItemProxy */ = {
			isa = PBXContainerItemProxy;
			containerPortal = 76A590DF2DC952970033A6AC /* Project object */;
			proxyType = 1;
			remoteGlobalIDString = 76A590E62DC952970033A6AC;
			remoteInfo = Markify;
		};
		B1000000000000000000000D /* PBXContainerItemProxy */ = {
			isa = PBXContainerItemProxy;
			containerPortal = 76A590DF2DC952970033A6AC /* Project object */;
			proxyType = 1;
			remoteGlobalIDString = B1000000000000000000000E;
			remoteInfo = MarkifyQuickLook;
		};
		C10000000000000000000006 /* PBXContainerItemProxy */ = {
			isa = PBXContainerItemProxy;
			containerPortal = 76A590DF2DC952970033A6AC /* Project object */;
			proxyType = 1;
			remoteGlobalIDString = C10000000000000000000007;
			remoteInfo = PreviewImages;
		};
/* End PBXContainerItemProxy section */

/* Begin PBXCopyFilesBuildPhase section */
		B10000000000000000000011 /* Embed Foundation Extensions */ = {
			isa = PBXCopyFilesBuildPhase;
			buildActionMask = 2147483647;
			dstPath = "";
			dstSubfolderSpec = 13;
			files = (
				B10000000000000000000001 /* MarkifyQuickLook.appex in Embed Foundation Extensions */,
			);
			name = "Embed Foundation Extensions";
			runOnlyForDeploymentPostprocessing = 0;
		};
		C10000000000000000000008 /* Embed XPC Services */ = {
			isa = PBXCopyFilesBuildPhase;
			buildActionMask = 2147483647;
			dstPath = Contents/XPCServices;
			dstSubfolderSpec = 1;
			files = (
				C10000000000000000000001 /* PreviewImages.xpc in Embed XPC Services */,
			);
			name = "Embed XPC Services";
			runOnlyForDeploymentPostprocessing = 0;
		};
/* End PBXCopyFilesBuildPhase section */

/* Begin PBXFileReference section */
		76A590E72DC952970033A6AC /* Markify.app */ = {isa = PBXFileReference; explicitFileType = wrapper.application; includeInIndex = 0; path = Markify.app; sourceTree = BUILT_PRODUCTS_DIR; };
		76A590F52DC952980033A6AC /* MarkifyTests.xctest */ = {isa = PBXFileReference; explicitFileType = wrapper.cfbundle; includeInIndex = 0; path = MarkifyTests.xctest; sourceTree = BUILT_PRODUCTS_DIR; };
		76A590FF2DC952980033A6AC /* MarkifyUITests.xctest */ = {isa = PBXFileReference; explicitFileType = wrapper.cfbundle; includeInIndex = 0; path = MarkifyUITests.xctest; sourceTree = BUILT_PRODUCTS_DIR; };
		B10000000000000000000002 /* MarkifyQuickLook.appex */ = {isa = PBXFileReference; explicitFileType = "wrapper.app-extension"; includeInIndex = 0; path = MarkifyQuickLook.appex; sourceTree = BUILT_PRODUCTS_DIR; };
		B10000000000000000000006 /* Markify/MathSVG.swift */ = {isa = PBXFileReference; lastKnownFileType = sourcecode.swift; path = Markify/MathSVG.swift; sourceTree = SOURCE_ROOT; };
		B10000000000000000000008 /* Markify/Mermaid.swift */ = {isa = PBXFileReference; lastKnownFileType = sourcecode.swift; path = Markify/Mermaid.swift; sourceTree = SOURCE_ROOT; };
		B1000000000000000000001A /* Markify/DiagramCache.swift */ = {isa = PBXFileReference; lastKnownFileType = sourcecode.swift; path = Markify/DiagramCache.swift; sourceTree = SOURCE_ROOT; };
		B1000000000000000000000A /* Markify/Resources/Mermaid/mermaid.html */ = {isa = PBXFileReference; lastKnownFileType = text.html; path = Markify/Resources/Mermaid/mermaid.html; sourceTree = SOURCE_ROOT; };
		B1000000000000000000000C /* Markify/Resources/Mermaid/mermaid.min.js */ = {isa = PBXFileReference; lastKnownFileType = sourcecode.javascript; path = Markify/Resources/Mermaid/mermaid.min.js; sourceTree = SOURCE_ROOT; };
		C10000000000000000000002 /* PreviewImages.xpc */ = {isa = PBXFileReference; explicitFileType = "wrapper.xpc-service"; path = PreviewImages.xpc; sourceTree = BUILT_PRODUCTS_DIR; };
		C10000000000000000000004 /* QuickLook/PreviewImageProtocol.swift */ = {isa = PBXFileReference; lastKnownFileType = sourcecode.swift; path = QuickLook/PreviewImageProtocol.swift; sourceTree = SOURCE_ROOT; };
		D10000000000000000000001 /* Sentry.xcconfig */ = {isa = PBXFileReference; lastKnownFileType = text.xcconfig; name = Sentry.xcconfig; path = Config/Sentry.xcconfig; sourceTree = SOURCE_ROOT; };
/* End PBXFileReference section */

/* Begin PBXFileSystemSynchronizedBuildFileExceptionSet section */
		76EB964B2DC960AE0056409F /* Exceptions for "Markify" folder in "Markify" target */ = {
			isa = PBXFileSystemSynchronizedBuildFileExceptionSet;
			membershipExceptions = (
				Info.plist,
			);
			target = 76A590E62DC952970033A6AC /* Markify */;
		};
		B1000000000000000000000F /* Exceptions for "QuickLook" folder in "MarkifyQuickLook" target */ = {
			isa = PBXFileSystemSynchronizedBuildFileExceptionSet;
			membershipExceptions = (
				Info.plist,
			);
			target = B1000000000000000000000E /* MarkifyQuickLook */;
		};
/* End PBXFileSystemSynchronizedBuildFileExceptionSet section */

/* Begin PBXFileSystemSynchronizedRootGroup section */
		76A590E92DC952970033A6AC /* Markify */ = {
			isa = PBXFileSystemSynchronizedRootGroup;
			exceptions = (
				76EB964B2DC960AE0056409F /* Exceptions for "Markify" folder in "Markify" target */,
			);
			path = Markify;
			sourceTree = "<group>";
		};
		76A590F82DC952980033A6AC /* MarkifyTests */ = {
			isa = PBXFileSystemSynchronizedRootGroup;
			path = MarkifyTests;
			sourceTree = "<group>";
		};
		76A591022DC952980033A6AC /* MarkifyUITests */ = {
			isa = PBXFileSystemSynchronizedRootGroup;
			path = MarkifyUITests;
			sourceTree = "<group>";
		};
		B10000000000000000000010 /* QuickLook */ = {
			isa = PBXFileSystemSynchronizedRootGroup;
			exceptions = (
				B1000000000000000000000F /* Exceptions for "QuickLook" folder in "MarkifyQuickLook" target */,
			);
			path = QuickLook;
			sourceTree = "<group>";
		};
		C1000000000000000000000A /* PreviewImages */ = {
			isa = PBXFileSystemSynchronizedRootGroup;
			path = PreviewImages;
			sourceTree = "<group>";
		};
/* End PBXFileSystemSynchronizedRootGroup section */

/* Begin PBXFrameworksBuildPhase section */
		76A590E42DC952970033A6AC /* Frameworks */ = {
			isa = PBXFrameworksBuildPhase;
			buildActionMask = 2147483647;
			files = (
				76A591142DC953870033A6AC /* Markdown in Frameworks */,
				A1F9C0012DC953870033A6AC /* SwaTexRender in Frameworks */,
				0AF0C0012E80000000000001 /* OKFKit in Frameworks */,
				0AF0C0042E80000000000004 /* MarkifyMarkdown in Frameworks */,
				5B0C0A012E90000000000001 /* Sparkle in Frameworks */,
				63EF882373BE43B3B75148B0 /* Sentry in Frameworks */,
			);
			runOnlyForDeploymentPostprocessing = 0;
		};
		76A590F22DC952980033A6AC /* Frameworks */ = {
			isa = PBXFrameworksBuildPhase;
			buildActionMask = 2147483647;
			files = (
			);
			runOnlyForDeploymentPostprocessing = 0;
		};
		76A590FC2DC952980033A6AC /* Frameworks */ = {
			isa = PBXFrameworksBuildPhase;
			buildActionMask = 2147483647;
			files = (
			);
			runOnlyForDeploymentPostprocessing = 0;
		};
		B10000000000000000000012 /* Frameworks */ = {
			isa = PBXFrameworksBuildPhase;
			buildActionMask = 2147483647;
			files = (
				B10000000000000000000003 /* MarkifyMarkdown in Frameworks */,
				B10000000000000000000004 /* SwaTexRender in Frameworks */,
			);
			runOnlyForDeploymentPostprocessing = 0;
		};
		C1000000000000000000000B /* Frameworks */ = {
			isa = PBXFrameworksBuildPhase;
			buildActionMask = 2147483647;
			files = (
				C10000000000000000000005 /* MarkifyMarkdown in Frameworks */,
			);
			runOnlyForDeploymentPostprocessing = 0;
		};
/* End PBXFrameworksBuildPhase section */

/* Begin PBXGroup section */
		76A590DE2DC952970033A6AC = {
			isa = PBXGroup;
			children = (
				D10000000000000000000001 /* Sentry.xcconfig */,
				76A590E92DC952970033A6AC /* Markify */,
				B10000000000000000000010 /* QuickLook */,
				C1000000000000000000000A /* PreviewImages */,
				76A590F82DC952980033A6AC /* MarkifyTests */,
				76A591022DC952980033A6AC /* MarkifyUITests */,
				76A590E82DC952970033A6AC /* Products */,
				76CBCEE6306C58E200E3E13B /* Recovered References */,
				C10000000000000000000004 /* QuickLook/PreviewImageProtocol.swift */,
			);
			sourceTree = "<group>";
		};
		76A590E82DC952970033A6AC /* Products */ = {
			isa = PBXGroup;
			children = (
				76A590E72DC952970033A6AC /* Markify.app */,
				B10000000000000000000002 /* MarkifyQuickLook.appex */,
				C10000000000000000000002 /* PreviewImages.xpc */,
				76A590F52DC952980033A6AC /* MarkifyTests.xctest */,
				76A590FF2DC952980033A6AC /* MarkifyUITests.xctest */,
			);
			name = Products;
			sourceTree = "<group>";
		};
		76CBCEE6306C58E200E3E13B /* Recovered References */ = {
			isa = PBXGroup;
			children = (
				B10000000000000000000006 /* Markify/MathSVG.swift */,
				B10000000000000000000008 /* Markify/Mermaid.swift */,
				B1000000000000000000001A /* Markify/DiagramCache.swift */,
				B1000000000000000000000A /* Markify/Resources/Mermaid/mermaid.html */,
				B1000000000000000000000C /* Markify/Resources/Mermaid/mermaid.min.js */,
			);
			name = "Recovered References";
			sourceTree = "<group>";
		};
/* End PBXGroup section */

/* Begin PBXNativeTarget section */
		76A590E62DC952970033A6AC /* Markify */ = {
			isa = PBXNativeTarget;
			buildConfigurationList = 76A591092DC952980033A6AC /* Build configuration list for PBXNativeTarget "Markify" */;
			buildPhases = (
				76A590E32DC952970033A6AC /* Sources */,
				76A590E42DC952970033A6AC /* Frameworks */,
				76A590E52DC952970033A6AC /* Resources */,
				B10000000000000000000011 /* Embed Foundation Extensions */,
				C11F8C3E3BB24590AECC1E20 /* Upload Debug Symbols to Sentry */,
			);
			buildRules = (
			);
			dependencies = (
				B10000000000000000000013 /* PBXTargetDependency */,
			);
			fileSystemSynchronizedGroups = (
				76A590E92DC952970033A6AC /* Markify */,
			);
			name = Markify;
			packageProductDependencies = (
				76A591132DC953870033A6AC /* Markdown */,
				A1F9C0022DC953870033A6AC /* SwaTexRender */,
				0AF0C0032E80000000000003 /* OKFKit */,
				0AF0C0062E80000000000006 /* MarkifyMarkdown */,
				5B0C0A022E90000000000002 /* Sparkle */,
				DF6556DC67E646B4AE9187DB /* Sentry */,
			);
			productName = Markify;
			productReference = 76A590E72DC952970033A6AC /* Markify.app */;
			productType = "com.apple.product-type.application";
		};
		76A590F42DC952980033A6AC /* MarkifyTests */ = {
			isa = PBXNativeTarget;
			buildConfigurationList = 76A5910C2DC952980033A6AC /* Build configuration list for PBXNativeTarget "MarkifyTests" */;
			buildPhases = (
				76A590F12DC952980033A6AC /* Sources */,
				76A590F22DC952980033A6AC /* Frameworks */,
				76A590F32DC952980033A6AC /* Resources */,
			);
			buildRules = (
			);
			dependencies = (
				76A590F72DC952980033A6AC /* PBXTargetDependency */,
			);
			fileSystemSynchronizedGroups = (
				76A590F82DC952980033A6AC /* MarkifyTests */,
			);
			name = MarkifyTests;
			packageProductDependencies = (
			);
			productName = MarkifyTests;
			productReference = 76A590F52DC952980033A6AC /* MarkifyTests.xctest */;
			productType = "com.apple.product-type.bundle.unit-test";
		};
		76A590FE2DC952980033A6AC /* MarkifyUITests */ = {
			isa = PBXNativeTarget;
			buildConfigurationList = 76A5910F2DC952980033A6AC /* Build configuration list for PBXNativeTarget "MarkifyUITests" */;
			buildPhases = (
				76A590FB2DC952980033A6AC /* Sources */,
				76A590FC2DC952980033A6AC /* Frameworks */,
				76A590FD2DC952980033A6AC /* Resources */,
			);
			buildRules = (
			);
			dependencies = (
				76A591012DC952980033A6AC /* PBXTargetDependency */,
			);
			fileSystemSynchronizedGroups = (
				76A591022DC952980033A6AC /* MarkifyUITests */,
			);
			name = MarkifyUITests;
			packageProductDependencies = (
			);
			productName = MarkifyUITests;
			productReference = 76A590FF2DC952980033A6AC /* MarkifyUITests.xctest */;
			productType = "com.apple.product-type.bundle.ui-testing";
		};
		B1000000000000000000000E /* MarkifyQuickLook */ = {
			isa = PBXNativeTarget;
			buildConfigurationList = B10000000000000000000014 /* Build configuration list for PBXNativeTarget "MarkifyQuickLook" */;
			buildPhases = (
				B10000000000000000000015 /* Sources */,
				B10000000000000000000012 /* Frameworks */,
				B10000000000000000000016 /* Resources */,
				C10000000000000000000008 /* Embed XPC Services */,
			);
			buildRules = (
			);
			dependencies = (
				C1000000000000000000000D /* PBXTargetDependency */,
			);
			fileSystemSynchronizedGroups = (
				B10000000000000000000010 /* QuickLook */,
			);
			name = MarkifyQuickLook;
			packageProductDependencies = (
				0AF0C0062E80000000000006 /* MarkifyMarkdown */,
				A1F9C0022DC953870033A6AC /* SwaTexRender */,
			);
			productName = MarkifyQuickLook;
			productReference = B10000000000000000000002 /* MarkifyQuickLook.appex */;
			productType = "com.apple.product-type.app-extension";
		};
		C10000000000000000000007 /* PreviewImages */ = {
			isa = PBXNativeTarget;
			buildConfigurationList = C1000000000000000000000E /* Build configuration list for PBXNativeTarget "PreviewImages" */;
			buildPhases = (
				C1000000000000000000000C /* Sources */,
				C1000000000000000000000B /* Frameworks */,
			);
			buildRules = (
			);
			dependencies = (
			);
			fileSystemSynchronizedGroups = (
				C1000000000000000000000A /* PreviewImages */,
			);
			name = PreviewImages;
			packageProductDependencies = (
				0AF0C0062E80000000000006 /* MarkifyMarkdown */,
			);
			productName = PreviewImages;
			productReference = C10000000000000000000002 /* PreviewImages.xpc */;
			productType = "com.apple.product-type.xpc-service";
		};
/* End PBXNativeTarget section */

/* Begin PBXProject section */
		76A590DF2DC952970033A6AC /* Project object */ = {
			isa = PBXProject;
			attributes = {
				BuildIndependentTargetsInParallel = 1;
				LastSwiftUpdateCheck = 1630;
				LastUpgradeCheck = 2710;
				TargetAttributes = {
					76A590E62DC952970033A6AC = {
						CreatedOnToolsVersion = 16.3;
					};
					76A590F42DC952980033A6AC = {
						CreatedOnToolsVersion = 16.3;
						TestTargetID = 76A590E62DC952970033A6AC;
					};
					76A590FE2DC952980033A6AC = {
						CreatedOnToolsVersion = 16.3;
						TestTargetID = 76A590E62DC952970033A6AC;
					};
					B1000000000000000000000E = {
						CreatedOnToolsVersion = 26.0;
					};
				};
			};
			buildConfigurationList = 76A590E22DC952970033A6AC /* Build configuration list for PBXProject "Markify" */;
			developmentRegion = en;
			hasScannedForEncodings = 0;
			knownRegions = (
				en,
				Base,
			);
			mainGroup = 76A590DE2DC952970033A6AC;
			minimizedProjectReferenceProxies = 1;
			packageReferences = (
				76A591122DC953870033A6AC /* XCRemoteSwiftPackageReference "swift-markdown" */,
				A1F9C0032DC953870033A6AC /* XCRemoteSwiftPackageReference "SwaTex" */,
				5B0C0A032E90000000000003 /* XCRemoteSwiftPackageReference "Sparkle" */,
				0AF0C0022E80000000000002 /* XCLocalSwiftPackageReference "OKFKit" */,
				0AF0C0052E80000000000005 /* XCLocalSwiftPackageReference "MarkifyMarkdown" */,
				FE0627625B13417FAF64231B /* XCRemoteSwiftPackageReference "sentry-cocoa" */,
			);
			preferredProjectObjectVersion = 77;
			productRefGroup = 76A590E82DC952970033A6AC /* Products */;
			projectDirPath = "";
			projectRoot = "";
			targets = (
				76A590E62DC952970033A6AC /* Markify */,
				B1000000000000000000000E /* MarkifyQuickLook */,
				C10000000000000000000007 /* PreviewImages */,
				76A590F42DC952980033A6AC /* MarkifyTests */,
				76A590FE2DC952980033A6AC /* MarkifyUITests */,
			);
		};
/* End PBXProject section */

/* Begin PBXResourcesBuildPhase section */
		76A590E52DC952970033A6AC /* Resources */ = {
			isa = PBXResourcesBuildPhase;
			buildActionMask = 2147483647;
			files = (
			);
			runOnlyForDeploymentPostprocessing = 0;
		};
		76A590F32DC952980033A6AC /* Resources */ = {
			isa = PBXResourcesBuildPhase;
			buildActionMask = 2147483647;
			files = (
			);
			runOnlyForDeploymentPostprocessing = 0;
		};
		76A590FD2DC952980033A6AC /* Resources */ = {
			isa = PBXResourcesBuildPhase;
			buildActionMask = 2147483647;
			files = (
			);
			runOnlyForDeploymentPostprocessing = 0;
		};
		B10000000000000000000016 /* Resources */ = {
			isa = PBXResourcesBuildPhase;
			buildActionMask = 2147483647;
			files = (
				B10000000000000000000009 /* Markify/Resources/Mermaid/mermaid.html in Resources */,
				B1000000000000000000000B /* Markify/Resources/Mermaid/mermaid.min.js in Resources */,
			);
			runOnlyForDeploymentPostprocessing = 0;
		};
/* End PBXResourcesBuildPhase section */

/* Begin PBXShellScriptBuildPhase section */
		C11F8C3E3BB24590AECC1E20 /* Upload Debug Symbols to Sentry */ = {
			isa = PBXShellScriptBuildPhase;
			buildActionMask = 2147483647;
			files = (
			);
			inputPaths = (
				"${DWARF_DSYM_FOLDER_PATH}/${DWARF_DSYM_FILE_NAME}/Contents/Resources/DWARF/${TARGET_NAME}",
			);
			name = "Upload Debug Symbols to Sentry";
			outputPaths = (
			);
			runOnlyForDeploymentPostprocessing = 0;
			shellPath = /bin/sh;
			shellScript = "# This script is responsible for uploading debug symbols and source context for Sentry.\nif which sentry-cli >/dev/null; then\n  export SENTRY_ORG=markify-ax\n  export SENTRY_PROJECT=markify\n  ERROR=$(sentry-cli debug-files upload --include-sources \"$DWARF_DSYM_FOLDER_PATH\" 2>&1 >/dev/null)\n  if [ ! $? -eq 0 ]; then\n    echo \"warning: sentry-cli - $ERROR\"\n  fi\nelse\n  echo \"warning: sentry-cli not installed, download from https://github.com/getsentry/sentry-cli/releases\"\nfi\n";
		};
/* End PBXShellScriptBuildPhase section */

/* Begin PBXSourcesBuildPhase section */
		76A590E32DC952970033A6AC /* Sources */ = {
			isa = PBXSourcesBuildPhase;
			buildActionMask = 2147483647;
			files = (
			);
			runOnlyForDeploymentPostprocessing = 0;
		};
		76A590F12DC952980033A6AC /* Sources */ = {
			isa = PBXSourcesBuildPhase;
			buildActionMask = 2147483647;
			files = (
			);
			runOnlyForDeploymentPostprocessing = 0;
		};
		76A590FB2DC952980033A6AC /* Sources */ = {
			isa = PBXSourcesBuildPhase;
			buildActionMask = 2147483647;
			files = (
			);
			runOnlyForDeploymentPostprocessing = 0;
		};
		B10000000000000000000015 /* Sources */ = {
			isa = PBXSourcesBuildPhase;
			buildActionMask = 2147483647;
			files = (
				B10000000000000000000005 /* Markify/MathSVG.swift in Sources */,
				B10000000000000000000007 /* Markify/Mermaid.swift in Sources */,
				B10000000000000000000019 /* Markify/DiagramCache.swift in Sources */,
			);
			runOnlyForDeploymentPostprocessing = 0;
		};
		C1000000000000000000000C /* Sources */ = {
			isa = PBXSourcesBuildPhase;
			buildActionMask = 2147483647;
			files = (
				C10000000000000000000003 /* QuickLook/PreviewImageProtocol.swift in Sources */,
			);
			runOnlyForDeploymentPostprocessing = 0;
		};
/* End PBXSourcesBuildPhase section */

/* Begin PBXTargetDependency section */
		76A590F72DC952980033A6AC /* PBXTargetDependency */ = {
			isa = PBXTargetDependency;
			target = 76A590E62DC952970033A6AC /* Markify */;
			targetProxy = 76A590F62DC952980033A6AC /* PBXContainerItemProxy */;
		};
		76A591012DC952980033A6AC /* PBXTargetDependency */ = {
			isa = PBXTargetDependency;
			target = 76A590E62DC952970033A6AC /* Markify */;
			targetProxy = 76A591002DC952980033A6AC /* PBXContainerItemProxy */;
		};
		B10000000000000000000013 /* PBXTargetDependency */ = {
			isa = PBXTargetDependency;
			target = B1000000000000000000000E /* MarkifyQuickLook */;
			targetProxy = B1000000000000000000000D /* PBXContainerItemProxy */;
		};
		C1000000000000000000000D /* PBXTargetDependency */ = {
			isa = PBXTargetDependency;
			target = C10000000000000000000007 /* PreviewImages */;
			targetProxy = C10000000000000000000006 /* PBXContainerItemProxy */;
		};
/* End PBXTargetDependency section */

/* Begin XCBuildConfiguration section */
		76A591072DC952980033A6AC /* Debug */ = {
			isa = XCBuildConfiguration;
			buildSettings = {
				ALWAYS_SEARCH_USER_PATHS = NO;
				ASSETCATALOG_COMPILER_GENERATE_SWIFT_ASSET_SYMBOL_EXTENSIONS = YES;
				CLANG_ANALYZER_NONNULL = YES;
				CLANG_ANALYZER_NUMBER_OBJECT_CONVERSION = YES_AGGRESSIVE;
				CLANG_CXX_LANGUAGE_STANDARD = "gnu++20";
				CLANG_ENABLE_MODULES = YES;
				CLANG_ENABLE_OBJC_ARC = YES;
				CLANG_ENABLE_OBJC_WEAK = YES;
				CLANG_WARN_BLOCK_CAPTURE_AUTORELEASING = YES;
				CLANG_WARN_BOOL_CONVERSION = YES;
				CLANG_WARN_COMMA = YES;
				CLANG_WARN_CONSTANT_CONVERSION = YES;
				CLANG_WARN_DEPRECATED_OBJC_IMPLEMENTATIONS = YES;
				CLANG_WARN_DIRECT_OBJC_ISA_USAGE = YES_ERROR;
				CLANG_WARN_DOCUMENTATION_COMMENTS = YES;
				CLANG_WARN_EMPTY_BODY = YES;
				CLANG_WARN_ENUM_CONVERSION = YES;
				CLANG_WARN_INFINITE_RECURSION = YES;
				CLANG_WARN_INT_CONVERSION = YES;
				CLANG_WARN_NON_LITERAL_NULL_CONVERSION = YES;
				CLANG_WARN_OBJC_IMPLICIT_RETAIN_SELF = YES;
				CLANG_WARN_OBJC_LITERAL_CONVERSION = YES;
				CLANG_WARN_OBJC_ROOT_CLASS = YES_ERROR;
				CLANG_WARN_QUOTED_INCLUDE_IN_FRAMEWORK_HEADER = YES;
				CLANG_WARN_RANGE_LOOP_ANALYSIS = YES;
				CLANG_WARN_STRICT_PROTOTYPES = YES;
				CLANG_WARN_SUSPICIOUS_MOVE = YES;
				CLANG_WARN_UNGUARDED_AVAILABILITY = YES_AGGRESSIVE;
				CLANG_WARN_UNREACHABLE_CODE = YES;
				CLANG_WARN__DUPLICATE_METHOD_MATCH = YES;
				COPY_PHASE_STRIP = NO;
				DEAD_CODE_STRIPPING = YES;
				DEBUG_INFORMATION_FORMAT = dwarf;
				DEVELOPMENT_TEAM = 342L82G5GB;
				ENABLE_STRICT_OBJC_MSGSEND = YES;
				ENABLE_TESTABILITY = YES;
				ENABLE_USER_SCRIPT_SANDBOXING = YES;
				GCC_C_LANGUAGE_STANDARD = gnu17;
				GCC_DYNAMIC_NO_PIC = NO;
				GCC_NO_COMMON_BLOCKS = YES;
				GCC_OPTIMIZATION_LEVEL = 0;
				GCC_PREPROCESSOR_DEFINITIONS = (
					"DEBUG=1",
					"$(inherited)",
				);
				GCC_WARN_64_TO_32_BIT_CONVERSION = YES;
				GCC_WARN_ABOUT_RETURN_TYPE = YES_ERROR;
				GCC_WARN_UNDECLARED_SELECTOR = YES;
				GCC_WARN_UNINITIALIZED_AUTOS = YES_AGGRESSIVE;
				GCC_WARN_UNUSED_FUNCTION = YES;
				GCC_WARN_UNUSED_VARIABLE = YES;
				LOCALIZATION_PREFERS_STRING_CATALOGS = YES;
				MACOSX_DEPLOYMENT_TARGET = 26.0;
				MTL_ENABLE_DEBUG_INFO = INCLUDE_SOURCE;
				MTL_FAST_MATH = YES;
				ONLY_ACTIVE_ARCH = YES;
				SDKROOT = macosx;
				STRING_CATALOG_GENERATE_SYMBOLS = YES;
				SWIFT_ACTIVE_COMPILATION_CONDITIONS = "DEBUG $(inherited)";
				SWIFT_OPTIMIZATION_LEVEL = "-Onone";
			};
			name = Debug;
		};
		76A591082DC952980033A6AC /* Release */ = {
			isa = XCBuildConfiguration;
			buildSettings = {
				ALWAYS_SEARCH_USER_PATHS = NO;
				ASSETCATALOG_COMPILER_GENERATE_SWIFT_ASSET_SYMBOL_EXTENSIONS = YES;
				CLANG_ANALYZER_NONNULL = YES;
				CLANG_ANALYZER_NUMBER_OBJECT_CONVERSION = YES_AGGRESSIVE;
				CLANG_CXX_LANGUAGE_STANDARD = "gnu++20";
				CLANG_ENABLE_MODULES = YES;
				CLANG_ENABLE_OBJC_ARC = YES;
				CLANG_ENABLE_OBJC_WEAK = YES;
				CLANG_WARN_BLOCK_CAPTURE_AUTORELEASING = YES;
				CLANG_WARN_BOOL_CONVERSION = YES;
				CLANG_WARN_COMMA = YES;
				CLANG_WARN_CONSTANT_CONVERSION = YES;
				CLANG_WARN_DEPRECATED_OBJC_IMPLEMENTATIONS = YES;
				CLANG_WARN_DIRECT_OBJC_ISA_USAGE = YES_ERROR;
				CLANG_WARN_DOCUMENTATION_COMMENTS = YES;
				CLANG_WARN_EMPTY_BODY = YES;
				CLANG_WARN_ENUM_CONVERSION = YES;
				CLANG_WARN_INFINITE_RECURSION = YES;
				CLANG_WARN_INT_CONVERSION = YES;
				CLANG_WARN_NON_LITERAL_NULL_CONVERSION = YES;
				CLANG_WARN_OBJC_IMPLICIT_RETAIN_SELF = YES;
				CLANG_WARN_OBJC_LITERAL_CONVERSION = YES;
				CLANG_WARN_OBJC_ROOT_CLASS = YES_ERROR;
				CLANG_WARN_QUOTED_INCLUDE_IN_FRAMEWORK_HEADER = YES;
				CLANG_WARN_RANGE_LOOP_ANALYSIS = YES;
				CLANG_WARN_STRICT_PROTOTYPES = YES;
				CLANG_WARN_SUSPICIOUS_MOVE = YES;
				CLANG_WARN_UNGUARDED_AVAILABILITY = YES_AGGRESSIVE;
				CLANG_WARN_UNREACHABLE_CODE = YES;
				CLANG_WARN__DUPLICATE_METHOD_MATCH = YES;
				COPY_PHASE_STRIP = NO;
				DEAD_CODE_STRIPPING = YES;
				DEBUG_INFORMATION_FORMAT = "dwarf-with-dsym";
				DEVELOPMENT_TEAM = 342L82G5GB;
				ENABLE_NS_ASSERTIONS = NO;
				ENABLE_STRICT_OBJC_MSGSEND = YES;
				ENABLE_USER_SCRIPT_SANDBOXING = YES;
				GCC_C_LANGUAGE_STANDARD = gnu17;
				GCC_NO_COMMON_BLOCKS = YES;
				GCC_WARN_64_TO_32_BIT_CONVERSION = YES;
				GCC_WARN_ABOUT_RETURN_TYPE = YES_ERROR;
				GCC_WARN_UNDECLARED_SELECTOR = YES;
				GCC_WARN_UNINITIALIZED_AUTOS = YES_AGGRESSIVE;
				GCC_WARN_UNUSED_FUNCTION = YES;
				GCC_WARN_UNUSED_VARIABLE = YES;
				LOCALIZATION_PREFERS_STRING_CATALOGS = YES;
				MACOSX_DEPLOYMENT_TARGET = 26.0;
				MTL_ENABLE_DEBUG_INFO = NO;
				MTL_FAST_MATH = YES;
				SDKROOT = macosx;
				STRING_CATALOG_GENERATE_SYMBOLS = YES;
				SWIFT_COMPILATION_MODE = wholemodule;
			};
			name = Release;
		};
		76A5910A2DC952980033A6AC /* Debug */ = {
			isa = XCBuildConfiguration;
			baseConfigurationReference = D10000000000000000000001 /* Sentry.xcconfig */;
			buildSettings = {
				ASSETCATALOG_COMPILER_APPICON_NAME = AppIcon;
				ASSETCATALOG_COMPILER_GLOBAL_ACCENT_COLOR_NAME = AccentColor;
				CODE_SIGN_ENTITLEMENTS = Markify/Markify.entitlements;
				CODE_SIGN_STYLE = Automatic;
				COMBINE_HIDPI_IMAGES = YES;
				CURRENT_PROJECT_VERSION = 330;
				DEAD_CODE_STRIPPING = YES;
				DEBUG_INFORMATION_FORMAT = "dwarf-with-dsym";
				DEVELOPMENT_TEAM = 342L82G5GB;
				ENABLE_APP_SANDBOX = NO;
				ENABLE_HARDENED_RUNTIME = YES;
				ENABLE_OUTGOING_NETWORK_CONNECTIONS = YES;
				ENABLE_PREVIEWS = YES;
				ENABLE_USER_SCRIPT_SANDBOXING = NO;
				ENABLE_USER_SELECTED_FILES = readwrite;
				GENERATE_INFOPLIST_FILE = YES;
				INFOPLIST_FILE = Markify/Info.plist;
				INFOPLIST_KEY_CFBundleDisplayName = Markify;
				INFOPLIST_KEY_LSApplicationCategoryType = CFBundleDocumentTypes;
				INFOPLIST_KEY_NSHumanReadableCopyright = "Stephane Paquet";
				LD_RUNPATH_SEARCH_PATHS = (
					"$(inherited)",
					"@executable_path/../Frameworks",
				);
				MACOSX_DEPLOYMENT_TARGET = 26.0;
				MARKETING_VERSION = 2.5.0;
				PRODUCT_BUNDLE_IDENTIFIER = com.stephanepaquet.Markify;
				PRODUCT_NAME = "$(TARGET_NAME)";
				REGISTER_APP_GROUPS = YES;
				SWIFT_EMIT_LOC_STRINGS = YES;
				SWIFT_VERSION = 6.0;
			};
			name = Debug;
		};
		76A5910B2DC952980033A6AC /* Release */ = {
			isa = XCBuildConfiguration;
			baseConfigurationReference = D10000000000000000000001 /* Sentry.xcconfig */;
			buildSettings = {
				ASSETCATALOG_COMPILER_APPICON_NAME = AppIcon;
				ASSETCATALOG_COMPILER_GLOBAL_ACCENT_COLOR_NAME = AccentColor;
				CODE_SIGN_ENTITLEMENTS = Markify/Markify.entitlements;
				CODE_SIGN_STYLE = Automatic;
				COMBINE_HIDPI_IMAGES = YES;
				CURRENT_PROJECT_VERSION = 330;
				DEAD_CODE_STRIPPING = YES;
				DEBUG_INFORMATION_FORMAT = "dwarf-with-dsym";
				DEVELOPMENT_TEAM = 342L82G5GB;
				ENABLE_APP_SANDBOX = NO;
				ENABLE_HARDENED_RUNTIME = YES;
				ENABLE_OUTGOING_NETWORK_CONNECTIONS = YES;
				ENABLE_PREVIEWS = YES;
				ENABLE_USER_SCRIPT_SANDBOXING = NO;
				ENABLE_USER_SELECTED_FILES = readwrite;
				GENERATE_INFOPLIST_FILE = YES;
				INFOPLIST_FILE = Markify/Info.plist;
				INFOPLIST_KEY_CFBundleDisplayName = Markify;
				INFOPLIST_KEY_LSApplicationCategoryType = CFBundleDocumentTypes;
				INFOPLIST_KEY_NSHumanReadableCopyright = "Stephane Paquet";
				LD_RUNPATH_SEARCH_PATHS = (
					"$(inherited)",
					"@executable_path/../Frameworks",
				);
				MACOSX_DEPLOYMENT_TARGET = 26.0;
				MARKETING_VERSION = 2.5.0;
				PRODUCT_BUNDLE_IDENTIFIER = com.stephanepaquet.Markify;
				PRODUCT_NAME = "$(TARGET_NAME)";
				REGISTER_APP_GROUPS = YES;
				SWIFT_EMIT_LOC_STRINGS = YES;
				SWIFT_VERSION = 6.0;
			};
			name = Release;
		};
		76A5910D2DC952980033A6AC /* Debug */ = {
			isa = XCBuildConfiguration;
			buildSettings = {
				BUNDLE_LOADER = "$(TEST_HOST)";
				CODE_SIGN_STYLE = Automatic;
				CURRENT_PROJECT_VERSION = 1;
				DEAD_CODE_STRIPPING = YES;
				DEVELOPMENT_TEAM = 342L82G5GB;
				GENERATE_INFOPLIST_FILE = YES;
				MACOSX_DEPLOYMENT_TARGET = 26.0;
				MARKETING_VERSION = 1.0;
				PRODUCT_BUNDLE_IDENTIFIER = com.stephanepaquet.MarkifyTests;
				PRODUCT_NAME = "$(TARGET_NAME)";
				SWIFT_EMIT_LOC_STRINGS = NO;
				SWIFT_VERSION = 6.0;
				TEST_HOST = "$(BUILT_PRODUCTS_DIR)/Markify.app/$(BUNDLE_EXECUTABLE_FOLDER_PATH)/Markify";
			};
			name = Debug;
		};
		76A5910E2DC952980033A6AC /* Release */ = {
			isa = XCBuildConfiguration;
			buildSettings = {
				BUNDLE_LOADER = "$(TEST_HOST)";
				CODE_SIGN_STYLE = Automatic;
				CURRENT_PROJECT_VERSION = 1;
				DEAD_CODE_STRIPPING = YES;
				DEVELOPMENT_TEAM = 342L82G5GB;
				GENERATE_INFOPLIST_FILE = YES;
				MACOSX_DEPLOYMENT_TARGET = 26.0;
				MARKETING_VERSION = 1.0;
				PRODUCT_BUNDLE_IDENTIFIER = com.stephanepaquet.MarkifyTests;
				PRODUCT_NAME = "$(TARGET_NAME)";
				SWIFT_EMIT_LOC_STRINGS = NO;
				SWIFT_VERSION = 6.0;
				TEST_HOST = "$(BUILT_PRODUCTS_DIR)/Markify.app/$(BUNDLE_EXECUTABLE_FOLDER_PATH)/Markify";
			};
			name = Release;
		};
		76A591102DC952980033A6AC /* Debug */ = {
			isa = XCBuildConfiguration;
			buildSettings = {
				CODE_SIGN_STYLE = Automatic;
				CURRENT_PROJECT_VERSION = 1;
				DEAD_CODE_STRIPPING = YES;
				DEVELOPMENT_TEAM = 342L82G5GB;
				GENERATE_INFOPLIST_FILE = YES;
				MARKETING_VERSION = 1.0;
				PRODUCT_BUNDLE_IDENTIFIER = com.stephanepaquet.MarkifyUITests;
				PRODUCT_NAME = "$(TARGET_NAME)";
				SWIFT_EMIT_LOC_STRINGS = NO;
				SWIFT_VERSION = 6.0;
				TEST_TARGET_NAME = Markify;
			};
			name = Debug;
		};
		76A591112DC952980033A6AC /* Release */ = {
			isa = XCBuildConfiguration;
			buildSettings = {
				CODE_SIGN_STYLE = Automatic;
				CURRENT_PROJECT_VERSION = 1;
				DEAD_CODE_STRIPPING = YES;
				DEVELOPMENT_TEAM = 342L82G5GB;
				GENERATE_INFOPLIST_FILE = YES;
				MARKETING_VERSION = 1.0;
				PRODUCT_BUNDLE_IDENTIFIER = com.stephanepaquet.MarkifyUITests;
				PRODUCT_NAME = "$(TARGET_NAME)";
				SWIFT_EMIT_LOC_STRINGS = NO;
				SWIFT_VERSION = 6.0;
				TEST_TARGET_NAME = Markify;
			};
			name = Release;
		};
		B10000000000000000000017 /* Debug */ = {
			isa = XCBuildConfiguration;
			buildSettings = {
				APPLICATION_EXTENSION_API_ONLY = YES;
				CODE_SIGN_ENTITLEMENTS = QuickLook/QuickLook.entitlements;
				CODE_SIGN_STYLE = Automatic;
				CURRENT_PROJECT_VERSION = 330;
				DEVELOPMENT_TEAM = 342L82G5GB;
				ENABLE_APP_SANDBOX = YES;
				ENABLE_OUTGOING_NETWORK_CONNECTIONS = YES;
				ENABLE_USER_SELECTED_FILES = readonly;
				GENERATE_INFOPLIST_FILE = YES;
				INFOPLIST_FILE = QuickLook/Info.plist;
				MACOSX_DEPLOYMENT_TARGET = 26.0;
				MARKETING_VERSION = 2.5.0;
				PRODUCT_BUNDLE_IDENTIFIER = com.stephanepaquet.Markify.QuickLook;
				PRODUCT_MODULE_NAME = MarkifyQuickLook;
				PRODUCT_NAME = "$(TARGET_NAME)";
				SKIP_INSTALL = YES;
				SWIFT_VERSION = 6.0;
			};
			name = Debug;
		};
		B10000000000000000000018 /* Release */ = {
			isa = XCBuildConfiguration;
			buildSettings = {
				APPLICATION_EXTENSION_API_ONLY = YES;
				CODE_SIGN_ENTITLEMENTS = QuickLook/QuickLook.entitlements;
				CODE_SIGN_STYLE = Automatic;
				CURRENT_PROJECT_VERSION = 330;
				DEVELOPMENT_TEAM = 342L82G5GB;
				ENABLE_APP_SANDBOX = YES;
				ENABLE_OUTGOING_NETWORK_CONNECTIONS = YES;
				ENABLE_USER_SELECTED_FILES = readonly;
				GENERATE_INFOPLIST_FILE = YES;
				INFOPLIST_FILE = QuickLook/Info.plist;
				MACOSX_DEPLOYMENT_TARGET = 26.0;
				MARKETING_VERSION = 2.5.0;
				PRODUCT_BUNDLE_IDENTIFIER = com.stephanepaquet.Markify.QuickLook;
				PRODUCT_MODULE_NAME = MarkifyQuickLook;
				PRODUCT_NAME = "$(TARGET_NAME)";
				SKIP_INSTALL = YES;
				SWIFT_VERSION = 6.0;
			};
			name = Release;
		};
		C1000000000000000000000F /* Debug */ = {
			isa = XCBuildConfiguration;
			buildSettings = {
				CODE_SIGN_STYLE = Automatic;
				CURRENT_PROJECT_VERSION = 330;
				DEVELOPMENT_TEAM = 342L82G5GB;
				ENABLE_APP_SANDBOX = NO;
				ENABLE_HARDENED_RUNTIME = YES;
				GENERATE_INFOPLIST_FILE = YES;
				INFOPLIST_FILE = PreviewImages/Info.plist;
				LD_RUNPATH_SEARCH_PATHS = (
					"$(inherited)",
					"@executable_path/../Frameworks",
				);
				MACOSX_DEPLOYMENT_TARGET = 26.0;
				MARKETING_VERSION = 2.5.0;
				PRODUCT_BUNDLE_IDENTIFIER = com.stephanepaquet.Markify.PreviewImages;
				PRODUCT_NAME = "$(TARGET_NAME)";
				SKIP_INSTALL = YES;
				SWIFT_VERSION = 6.0;
			};
			name = Debug;
		};
		C10000000000000000000010 /* Release */ = {
			isa = XCBuildConfiguration;
			buildSettings = {
				CODE_SIGN_STYLE = Automatic;
				CURRENT_PROJECT_VERSION = 330;
				DEVELOPMENT_TEAM = 342L82G5GB;
				ENABLE_APP_SANDBOX = NO;
				ENABLE_HARDENED_RUNTIME = YES;
				GENERATE_INFOPLIST_FILE = YES;
				INFOPLIST_FILE = PreviewImages/Info.plist;
				LD_RUNPATH_SEARCH_PATHS = (
					"$(inherited)",
					"@executable_path/../Frameworks",
				);
				MACOSX_DEPLOYMENT_TARGET = 26.0;
				MARKETING_VERSION = 2.5.0;
				PRODUCT_BUNDLE_IDENTIFIER = com.stephanepaquet.Markify.PreviewImages;
				PRODUCT_NAME = "$(TARGET_NAME)";
				SKIP_INSTALL = YES;
				SWIFT_VERSION = 6.0;
			};
			name = Release;
		};
/* End XCBuildConfiguration section */

/* Begin XCConfigurationList section */
		76A590E22DC952970033A6AC /* Build configuration list for PBXProject "Markify" */ = {
			isa = XCConfigurationList;
			buildConfigurations = (
				76A591072DC952980033A6AC /* Debug */,
				76A591082DC952980033A6AC /* Release */,
			);
			defaultConfigurationIsVisible = 0;
			defaultConfigurationName = Release;
		};
		76A591092DC952980033A6AC /* Build configuration list for PBXNativeTarget "Markify" */ = {
			isa = XCConfigurationList;
			buildConfigurations = (
				76A5910A2DC952980033A6AC /* Debug */,
				76A5910B2DC952980033A6AC /* Release */,
			);
			defaultConfigurationIsVisible = 0;
			defaultConfigurationName = Release;
		};
		76A5910C2DC952980033A6AC /* Build configuration list for PBXNativeTarget "MarkifyTests" */ = {
			isa = XCConfigurationList;
			buildConfigurations = (
				76A5910D2DC952980033A6AC /* Debug */,
				76A5910E2DC952980033A6AC /* Release */,
			);
			defaultConfigurationIsVisible = 0;
			defaultConfigurationName = Release;
		};
		76A5910F2DC952980033A6AC /* Build configuration list for PBXNativeTarget "MarkifyUITests" */ = {
			isa = XCConfigurationList;
			buildConfigurations = (
				76A591102DC952980033A6AC /* Debug */,
				76A591112DC952980033A6AC /* Release */,
			);
			defaultConfigurationIsVisible = 0;
			defaultConfigurationName = Release;
		};
		B10000000000000000000014 /* Build configuration list for PBXNativeTarget "MarkifyQuickLook" */ = {
			isa = XCConfigurationList;
			buildConfigurations = (
				B10000000000000000000017 /* Debug */,
				B10000000000000000000018 /* Release */,
			);
			defaultConfigurationIsVisible = 0;
			defaultConfigurationName = Release;
		};
		C1000000000000000000000E /* Build configuration list for PBXNativeTarget "PreviewImages" */ = {
			isa = XCConfigurationList;
			buildConfigurations = (
				C1000000000000000000000F /* Debug */,
				C10000000000000000000010 /* Release */,
			);
			defaultConfigurationIsVisible = 0;
			defaultConfigurationName = Release;
		};
/* End XCConfigurationList section */

/* Begin XCLocalSwiftPackageReference section */
		0AF0C0022E80000000000002 /* XCLocalSwiftPackageReference "OKFKit" */ = {
			isa = XCLocalSwiftPackageReference;
			relativePath = OKFKit;
		};
		0AF0C0052E80000000000005 /* XCLocalSwiftPackageReference "MarkifyMarkdown" */ = {
			isa = XCLocalSwiftPackageReference;
			relativePath = MarkifyMarkdown;
		};
/* End XCLocalSwiftPackageReference section */

/* Begin XCRemoteSwiftPackageReference section */
		5B0C0A032E90000000000003 /* XCRemoteSwiftPackageReference "Sparkle" */ = {
			isa = XCRemoteSwiftPackageReference;
			repositoryURL = "https://github.com/sparkle-project/Sparkle";
			requirement = {
				kind = upToNextMajorVersion;
				minimumVersion = 2.10.0;
			};
		};
		76A591122DC953870033A6AC /* XCRemoteSwiftPackageReference "swift-markdown" */ = {
			isa = XCRemoteSwiftPackageReference;
			repositoryURL = "https://github.com/swiftlang/swift-markdown";
			requirement = {
				kind = upToNextMajorVersion;
				minimumVersion = 0.8.0;
			};
		};
		A1F9C0032DC953870033A6AC /* XCRemoteSwiftPackageReference "SwaTex" */ = {
			isa = XCRemoteSwiftPackageReference;
			repositoryURL = "https://github.com/PhraseHQ/SwaTex.git";
			requirement = {
				kind = upToNextMajorVersion;
				minimumVersion = 0.5.0;
			};
		};
		FE0627625B13417FAF64231B /* XCRemoteSwiftPackageReference "sentry-cocoa" */ = {
			isa = XCRemoteSwiftPackageReference;
			repositoryURL = "https://github.com/getsentry/sentry-cocoa/";
			requirement = {
				kind = upToNextMajorVersion;
				minimumVersion = 9.0.0;
			};
		};
/* End XCRemoteSwiftPackageReference section */

/* Begin XCSwiftPackageProductDependency section */
		0AF0C0032E80000000000003 /* OKFKit */ = {
			isa = XCSwiftPackageProductDependency;
			productName = OKFKit;
		};
		0AF0C0062E80000000000006 /* MarkifyMarkdown */ = {
			isa = XCSwiftPackageProductDependency;
			productName = MarkifyMarkdown;
		};
		5B0C0A022E90000000000002 /* Sparkle */ = {
			isa = XCSwiftPackageProductDependency;
			package = 5B0C0A032E90000000000003 /* XCRemoteSwiftPackageReference "Sparkle" */;
			productName = Sparkle;
		};
		76A591132DC953870033A6AC /* Markdown */ = {
			isa = XCSwiftPackageProductDependency;
			package = 76A591122DC953870033A6AC /* XCRemoteSwiftPackageReference "swift-markdown" */;
			productName = Markdown;
		};
		A1F9C0022DC953870033A6AC /* SwaTexRender */ = {
			isa = XCSwiftPackageProductDependency;
			package = A1F9C0032DC953870033A6AC /* XCRemoteSwiftPackageReference "SwaTex" */;
			productName = SwaTexRender;
		};
		DF6556DC67E646B4AE9187DB /* Sentry */ = {
			isa = XCSwiftPackageProductDependency;
			package = FE0627625B13417FAF64231B /* XCRemoteSwiftPackageReference "sentry-cocoa" */;
			productName = Sentry;
		};
/* End XCSwiftPackageProductDependency section */
	};
	rootObject = 76A590DF2DC952970033A6AC /* Project object */;
}
