// !$*UTF8*$!
{
	archiveVersion = 1;
	classes = {
	};
	objectVersion = 77;
	objects = {

/* Begin PBXBuildFile section */
		76A591142DC953870033A6AC /* MarkdownUI in Frameworks */ = {isa = PBXBuildFile; productRef = 76A591132DC953870033A6AC /* MarkdownUI */; };
/* End PBXBuildFile section */

/* Begin PBXContainerItemProxy section */
		76A590F62DC952980033A6AC /* PBXContainerItemProxy */ = {
			isa = PBXContainerItemProxy;
			containerPortal = 76A590DF2DC952970033A6AC /* Project object */;
			proxyType = 1;
			remoteGlobalIDString = 76A590E62DC952970033A6AC;
			remoteInfo = Markify;
		};
		76A591002DC952980033A6AC /* PBXContainerItemProxy */ = {
			isa = PBXContainerItemProxy;
			containerPortal = 76A590DF2DC952970033A6AC /* Project object */;
			proxyType = 1;
			remoteGlobalIDString = 76A590E62DC952970033A6AC;
			remoteInfo = Markify;
		};
/* End PBXContainerItemProxy section */

/* Begin PBXFileReference section */
		76A590E72DC952970033A6AC /* Markify.app */ = {isa = PBXFileReference; explicitFileType = wrapper.application; includeInIndex = 0; path = Markify.app; sourceTree = BUILT_PRODUCTS_DIR; };
		76A590F52DC952980033A6AC /* MarkifyTests.xctest */ = {isa = PBXFileReference; explicitFileType = wrapper.cfbundle; includeInIndex = 0; path = MarkifyTests.xctest; sourceTree = BUILT_PRODUCTS_DIR; };
		76A590FF2DC952980033A6AC /* MarkifyUITests.xctest */ = {isa = PBXFileReference; explicitFileType = wrapper.cfbundle; includeInIndex = 0; path = MarkifyUITests.xctest; sourceTree = BUILT_PRODUCTS_DIR; };
/* End PBXFileReference section */

/* Begin PBXFileSystemSynchronizedBuildFileExceptionSet section */
		76EB964B2DC960AE0056409F /* Exceptions for "Markify" folder in "Markify" target */ = {
			isa = PBXFileSystemSynchronizedBuildFileExceptionSet;
			membershipExceptions = (
				Info.plist,
			);
			target = 76A590E62DC952970033A6AC /* Markify */;
		};
/* End PBXFileSystemSynchronizedBuildFileExceptionSet section */

/* Begin PBXFileSystemSynchronizedRootGroup section */
		76A590E92DC952970033A6AC /* Markify */ = {
			isa = PBXFileSystemSynchronizedRootGroup;
			exceptions = (
				76EB964B2DC960AE0056409F /* Exceptions for "Markify" folder in "Markify" target */,
			);
			path = Markify;
			sourceTree = "<group>";
		};
		76A590F82DC952980033A6AC /* MarkifyTests */ = {
			isa = PBXFileSystemSynchronizedRootGroup;
			path = MarkifyTests;
			sourceTree = "<group>";
		};
		76A591022DC952980033A6AC /* MarkifyUITests */ = {
			isa = PBXFileSystemSynchronizedRootGroup;
			path = MarkifyUITests;
			sourceTree = "<group>";
		};
/* End PBXFileSystemSynchronizedRootGroup section */

/* Begin PBXFrameworksBuildPhase section */
		76A590E42DC952970033A6AC /* Frameworks */ = {
			isa = PBXFrameworksBuildPhase;
			buildActionMask = 2147483647;
			files = (
				76A591142DC953870033A6AC /* MarkdownUI in Frameworks */,
			);
			runOnlyForDeploymentPostprocessing = 0;
		};
		76A590F22DC952980033A6AC /* Frameworks */ = {
			isa = PBXFrameworksBuildPhase;
			buildActionMask = 2147483647;
			files = (
			);
			runOnlyForDeploymentPostprocessing = 0;
		};
		76A590FC2DC952980033A6AC /* Frameworks */ = {
			isa = PBXFrameworksBuildPhase;
			buildActionMask = 2147483647;
			files = (
			);
			runOnlyForDeploymentPostprocessing = 0;
		};
/* End PBXFrameworksBuildPhase section */

/* Begin PBXGroup section */
		76A590DE2DC952970033A6AC = {
			isa = PBXGroup;
			children = (
				76A590E92DC952970033A6AC /* Markify */,
				76A590F82DC952980033A6AC /* MarkifyTests */,
				76A591022DC952980033A6AC /* MarkifyUITests */,
				76A590E82DC952970033A6AC /* Products */,
			);
			sourceTree = "<group>";
		};
		76A590E82DC952970033A6AC /* Products */ = {
			isa = PBXGroup;
			children = (
				76A590E72DC952970033A6AC /* Markify.app */,
				76A590F52DC952980033A6AC /* MarkifyTests.xctest */,
				76A590FF2DC952980033A6AC /* MarkifyUITests.xctest */,
			);
			name = Products;
			sourceTree = "<group>";
		};
/* End PBXGroup section */

/* Begin PBXNativeTarget section */
		76A590E62DC952970033A6AC /* Markify */ = {
			isa = PBXNativeTarget;
			buildConfigurationList = 76A591092DC952980033A6AC /* Build configuration list for PBXNativeTarget "Markify" */;
			buildPhases = (
				76A590E32DC952970033A6AC /* Sources */,
				76A590E42DC952970033A6AC /* Frameworks */,
				76A590E52DC952970033A6AC /* Resources */,
			);
			buildRules = (
			);
			dependencies = (
			);
			fileSystemSynchronizedGroups = (
				76A590E92DC952970033A6AC /* Markify */,
			);
			name = Markify;
			packageProductDependencies = (
				76A591132DC953870033A6AC /* MarkdownUI */,
			);
			productName = Markify;
			productReference = 76A590E72DC952970033A6AC /* Markify.app */;
			productType = "com.apple.product-type.application";
		};
		76A590F42DC952980033A6AC /* MarkifyTests */ = {
			isa = PBXNativeTarget;
			buildConfigurationList = 76A5910C2DC952980033A6AC /* Build configuration list for PBXNativeTarget "MarkifyTests" */;
			buildPhases = (
				76A590F12DC952980033A6AC /* Sources */,
				76A590F22DC952980033A6AC /* Frameworks */,
				76A590F32DC952980033A6AC /* Resources */,
			);
			buildRules = (
			);
			dependencies = (
				76A590F72DC952980033A6AC /* PBXTargetDependency */,
			);
			fileSystemSynchronizedGroups = (
				76A590F82DC952980033A6AC /* MarkifyTests */,
			);
			name = MarkifyTests;
			packageProductDependencies = (
			);
			productName = MarkifyTests;
			productReference = 76A590F52DC952980033A6AC /* MarkifyTests.xctest */;
			productType = "com.apple.product-type.bundle.unit-test";
		};
		76A590FE2DC952980033A6AC /* MarkifyUITests */ = {
			isa = PBXNativeTarget;
			buildConfigurationList = 76A5910F2DC952980033A6AC /* Build configuration list for PBXNativeTarget "MarkifyUITests" */;
			buildPhases = (
				76A590FB2DC952980033A6AC /* Sources */,
				76A590FC2DC952980033A6AC /* Frameworks */,
				76A590FD2DC952980033A6AC /* Resources */,
			);
			buildRules = (
			);
			dependencies = (
				76A591012DC952980033A6AC /* PBXTargetDependency */,
			);
			fileSystemSynchronizedGroups = (
				76A591022DC952980033A6AC /* MarkifyUITests */,
			);
			name = MarkifyUITests;
			packageProductDependencies = (
			);
			productName = MarkifyUITests;
			productReference = 76A590FF2DC952980033A6AC /* MarkifyUITests.xctest */;
			productType = "com.apple.product-type.bundle.ui-testing";
		};
/* End PBXNativeTarget section */

/* Begin PBXProject section */
		76A590DF2DC952970033A6AC /* Project object */ = {
			isa = PBXProject;
			attributes = {
				BuildIndependentTargetsInParallel = 1;
				LastSwiftUpdateCheck = 1630;
				LastUpgradeCheck = 2620;
				TargetAttributes = {
					76A590E62DC952970033A6AC = {
						CreatedOnToolsVersion = 16.3;
					};
					76A590F42DC952980033A6AC = {
						CreatedOnToolsVersion = 16.3;
						TestTargetID = 76A590E62DC952970033A6AC;
					};
					76A590FE2DC952980033A6AC = {
						CreatedOnToolsVersion = 16.3;
						TestTargetID = 76A590E62DC952970033A6AC;
					};
				};
			};
			buildConfigurationList = 76A590E22DC952970033A6AC /* Build configuration list for PBXProject "Markify" */;
			developmentRegion = en;
			hasScannedForEncodings = 0;
			knownRegions = (
				en,
				Base,
			);
			mainGroup = 76A590DE2DC952970033A6AC;
			minimizedProjectReferenceProxies = 1;
			packageReferences = (
				76A591122DC953870033A6AC /* XCRemoteSwiftPackageReference "swift-markdown-ui" */,
			);
			preferredProjectObjectVersion = 77;
			productRefGroup = 76A590E82DC952970033A6AC /* Products */;
			projectDirPath = "";
			projectRoot = "";
			targets = (
				76A590E62DC952970033A6AC /* Markify */,
				76A590F42DC952980033A6AC /* MarkifyTests */,
				76A590FE2DC952980033A6AC /* MarkifyUITests */,
			);
		};
/* End PBXProject section */

/* Begin PBXResourcesBuildPhase section */
		76A590E52DC952970033A6AC /* Resources */ = {
			isa = PBXResourcesBuildPhase;
			buildActionMask = 2147483647;
			files = (
			);
			runOnlyForDeploymentPostprocessing = 0;
		};
		76A590F32DC952980033A6AC /* Resources */ = {
			isa = PBXResourcesBuildPhase;
			buildActionMask = 2147483647;
			files = (
			);
			runOnlyForDeploymentPostprocessing = 0;
		};
		76A590FD2DC952980033A6AC /* Resources */ = {
			isa = PBXResourcesBuildPhase;
			buildActionMask = 2147483647;
			files = (
			);
			runOnlyForDeploymentPostprocessing = 0;
		};
/* End PBXResourcesBuildPhase section */

/* Begin PBXSourcesBuildPhase section */
		76A590E32DC952970033A6AC /* Sources */ = {
			isa = PBXSourcesBuildPhase;
			buildActionMask = 2147483647;
			files = (
			);
			runOnlyForDeploymentPostprocessing = 0;
		};
		76A590F12DC952980033A6AC /* Sources */ = {
			isa = PBXSourcesBuildPhase;
			buildActionMask = 2147483647;
			files = (
			);
			runOnlyForDeploymentPostprocessing = 0;
		};
		76A590FB2DC952980033A6AC /* Sources */ = {
			isa = PBXSourcesBuildPhase;
			buildActionMask = 2147483647;
			files = (
			);
			runOnlyForDeploymentPostprocessing = 0;
		};
/* End PBXSourcesBuildPhase section */

/* Begin PBXTargetDependency section */
		76A590F72DC952980033A6AC /* PBXTargetDependency */ = {
			isa = PBXTargetDependency;
			target = 76A590E62DC952970033A6AC /* Markify */;
			targetProxy = 76A590F62DC952980033A6AC /* PBXContainerItemProxy */;
		};
		76A591012DC952980033A6AC /* PBXTargetDependency */ = {
			isa = PBXTargetDependency;
			target = 76A590E62DC952970033A6AC /* Markify */;
			targetProxy = 76A591002DC952980033A6AC /* PBXContainerItemProxy */;
		};
/* End PBXTargetDependency section */

/* Begin XCBuildConfiguration section */
		76A591072DC952980033A6AC /* Debug */ = {
			isa = XCBuildConfiguration;
			buildSettings = {
				ALWAYS_SEARCH_USER_PATHS = NO;
				ASSETCATALOG_COMPILER_GENERATE_SWIFT_ASSET_SYMBOL_EXTENSIONS = YES;
				CLANG_ANALYZER_NONNULL = YES;
				CLANG_ANALYZER_NUMBER_OBJECT_CONVERSION = YES_AGGRESSIVE;
				CLANG_CXX_LANGUAGE_STANDARD = "gnu++20";
				CLANG_ENABLE_MODULES = YES;
				CLANG_ENABLE_OBJC_ARC = YES;
				CLANG_ENABLE_OBJC_WEAK = YES;
				CLANG_WARN_BLOCK_CAPTURE_AUTORELEASING = YES;
				CLANG_WARN_BOOL_CONVERSION = YES;
				CLANG_WARN_COMMA = YES;
				CLANG_WARN_CONSTANT_CONVERSION = YES;
				CLANG_WARN_DEPRECATED_OBJC_IMPLEMENTATIONS = YES;
				CLANG_WARN_DIRECT_OBJC_ISA_USAGE = YES_ERROR;
				CLANG_WARN_DOCUMENTATION_COMMENTS = YES;
				CLANG_WARN_EMPTY_BODY = YES;
				CLANG_WARN_ENUM_CONVERSION = YES;
				CLANG_WARN_INFINITE_RECURSION = YES;
				CLANG_WARN_INT_CONVERSION = YES;
				CLANG_WARN_NON_LITERAL_NULL_CONVERSION = YES;
				CLANG_WARN_OBJC_IMPLICIT_RETAIN_SELF = YES;
				CLANG_WARN_OBJC_LITERAL_CONVERSION = YES;
				CLANG_WARN_OBJC_ROOT_CLASS = YES_ERROR;
				CLANG_WARN_QUOTED_INCLUDE_IN_FRAMEWORK_HEADER = YES;
				CLANG_WARN_RANGE_LOOP_ANALYSIS = YES;
				CLANG_WARN_STRICT_PROTOTYPES = YES;
				CLANG_WARN_SUSPICIOUS_MOVE = YES;
				CLANG_WARN_UNGUARDED_AVAILABILITY = YES_AGGRESSIVE;
				CLANG_WARN_UNREACHABLE_CODE = YES;
				CLANG_WARN__DUPLICATE_METHOD_MATCH = YES;
				COPY_PHASE_STRIP = NO;
				DEAD_CODE_STRIPPING = YES;
				DEBUG_INFORMATION_FORMAT = dwarf;
				DEVELOPMENT_TEAM = 342L82G5GB;
				ENABLE_STRICT_OBJC_MSGSEND = YES;
				ENABLE_TESTABILITY = YES;
				ENABLE_USER_SCRIPT_SANDBOXING = YES;
				GCC_C_LANGUAGE_STANDARD = gnu17;
				GCC_DYNAMIC_NO_PIC = NO;
				GCC_NO_COMMON_BLOCKS = YES;
				GCC_OPTIMIZATION_LEVEL = 0;
				GCC_PREPROCESSOR_DEFINITIONS = (
					"DEBUG=1",
					"$(inherited)",
				);
				GCC_WARN_64_TO_32_BIT_CONVERSION = YES;
				GCC_WARN_ABOUT_RETURN_TYPE = YES_ERROR;
				GCC_WARN_UNDECLARED_SELECTOR = YES;
				GCC_WARN_UNINITIALIZED_AUTOS = YES_AGGRESSIVE;
				GCC_WARN_UNUSED_FUNCTION = YES;
				GCC_WARN_UNUSED_VARIABLE = YES;
				LOCALIZATION_PREFERS_STRING_CATALOGS = YES;
				MACOSX_DEPLOYMENT_TARGET = 15.4;
				MTL_ENABLE_DEBUG_INFO = INCLUDE_SOURCE;
				MTL_FAST_MATH = YES;
				ONLY_ACTIVE_ARCH = YES;
				SDKROOT = macosx;
				STRING_CATALOG_GENERATE_SYMBOLS = YES;
				SWIFT_ACTIVE_COMPILATION_CONDITIONS = "DEBUG $(inherited)";
				SWIFT_OPTIMIZATION_LEVEL = "-Onone";
			};
			name = Debug;
		};
		76A591082DC952980033A6AC /* Release */ = {
			isa = XCBuildConfiguration;
			buildSettings = {
				ALWAYS_SEARCH_USER_PATHS = NO;
				ASSETCATALOG_COMPILER_GENERATE_SWIFT_ASSET_SYMBOL_EXTENSIONS = YES;
				CLANG_ANALYZER_NONNULL = YES;
				CLANG_ANALYZER_NUMBER_OBJECT_CONVERSION = YES_AGGRESSIVE;
				CLANG_CXX_LANGUAGE_STANDARD = "gnu++20";
				CLANG_ENABLE_MODULES = YES;
				CLANG_ENABLE_OBJC_ARC = YES;
				CLANG_ENABLE_OBJC_WEAK = YES;
				CLANG_WARN_BLOCK_CAPTURE_AUTORELEASING = YES;
				CLANG_WARN_BOOL_CONVERSION = YES;
				CLANG_WARN_COMMA = YES;
				CLANG_WARN_CONSTANT_CONVERSION = YES;
				CLANG_WARN_DEPRECATED_OBJC_IMPLEMENTATIONS = YES;
				CLANG_WARN_DIRECT_OBJC_ISA_USAGE = YES_ERROR;
				CLANG_WARN_DOCUMENTATION_COMMENTS = YES;
				CLANG_WARN_EMPTY_BODY = YES;
				CLANG_WARN_ENUM_CONVERSION = YES;
				CLANG_WARN_INFINITE_RECURSION = YES;
				CLANG_WARN_INT_CONVERSION = YES;
				CLANG_WARN_NON_LITERAL_NULL_CONVERSION = YES;
				CLANG_WARN_OBJC_IMPLICIT_RETAIN_SELF = YES;
				CLANG_WARN_OBJC_LITERAL_CONVERSION = YES;
				CLANG_WARN_OBJC_ROOT_CLASS = YES_ERROR;
				CLANG_WARN_QUOTED_INCLUDE_IN_FRAMEWORK_HEADER = YES;
				CLANG_WARN_RANGE_LOOP_ANALYSIS = YES;
				CLANG_WARN_STRICT_PROTOTYPES = YES;
				CLANG_WARN_SUSPICIOUS_MOVE = YES;
				CLANG_WARN_UNGUARDED_AVAILABILITY = YES_AGGRESSIVE;
				CLANG_WARN_UNREACHABLE_CODE = YES;
				CLANG_WARN__DUPLICATE_METHOD_MATCH = YES;
				COPY_PHASE_STRIP = NO;
				DEAD_CODE_STRIPPING = YES;
				DEBUG_INFORMATION_FORMAT = "dwarf-with-dsym";
				DEVELOPMENT_TEAM = 342L82G5GB;
				ENABLE_NS_ASSERTIONS = NO;
				ENABLE_STRICT_OBJC_MSGSEND = YES;
				ENABLE_USER_SCRIPT_SANDBOXING = YES;
				GCC_C_LANGUAGE_STANDARD = gnu17;
				GCC_NO_COMMON_BLOCKS = YES;
				GCC_WARN_64_TO_32_BIT_CONVERSION = YES;
				GCC_WARN_ABOUT_RETURN_TYPE = YES_ERROR;
				GCC_WARN_UNDECLARED_SELECTOR = YES;
				GCC_WARN_UNINITIALIZED_AUTOS = YES_AGGRESSIVE;
				GCC_WARN_UNUSED_FUNCTION = YES;
				GCC_WARN_UNUSED_VARIABLE = YES;
				LOCALIZATION_PREFERS_STRING_CATALOGS = YES;
				MACOSX_DEPLOYMENT_TARGET = 15.4;
				MTL_ENABLE_DEBUG_INFO = NO;
				MTL_FAST_MATH = YES;
				SDKROOT = macosx;
				STRING_CATALOG_GENERATE_SYMBOLS = YES;
				SWIFT_COMPILATION_MODE = wholemodule;
			};
			name = Release;
		};
		76A5910A2DC952980033A6AC /* Debug */ = {
			isa = XCBuildConfiguration;
			buildSettings = {
				ASSETCATALOG_COMPILER_APPICON_NAME = AppIcon;
				ASSETCATALOG_COMPILER_GLOBAL_ACCENT_COLOR_NAME = AccentColor;
				CODE_SIGN_ENTITLEMENTS = Markify/Markify.entitlements;
				CODE_SIGN_STYLE = Automatic;
				COMBINE_HIDPI_IMAGES = YES;
				CURRENT_PROJECT_VERSION = 145;
				DEAD_CODE_STRIPPING = YES;
				DEVELOPMENT_TEAM = 342L82G5GB;
				ENABLE_APP_SANDBOX = YES;
				ENABLE_HARDENED_RUNTIME = YES;
				ENABLE_PREVIEWS = YES;
				ENABLE_USER_SELECTED_FILES = readwrite;
				GENERATE_INFOPLIST_FILE = YES;
				INFOPLIST_FILE = Markify/Info.plist;
				INFOPLIST_KEY_CFBundleDisplayName = Markify;
				INFOPLIST_KEY_LSApplicationCategoryType = CFBundleDocumentTypes;
				INFOPLIST_KEY_NSHumanReadableCopyright = "Stephane Paquet";
				LD_RUNPATH_SEARCH_PATHS = (
					"$(inherited)",
					"@executable_path/../Frameworks",
				);
				MACOSX_DEPLOYMENT_TARGET = 14.6;
				MARKETING_VERSION = 1.2.1;
				PRODUCT_BUNDLE_IDENTIFIER = com.stephanepaquet.Markify;
				PRODUCT_NAME = "$(TARGET_NAME)";
				REGISTER_APP_GROUPS = YES;
				SWIFT_EMIT_LOC_STRINGS = YES;
				SWIFT_VERSION = 5.0;
			};
			name = Debug;
		};
		76A5910B2DC952980033A6AC /* Release */ = {
			isa = XCBuildConfiguration;
			buildSettings = {
				ASSETCATALOG_COMPILER_APPICON_NAME = AppIcon;
				ASSETCATALOG_COMPILER_GLOBAL_ACCENT_COLOR_NAME = AccentColor;
				CODE_SIGN_ENTITLEMENTS = Markify/Markify.entitlements;
				CODE_SIGN_STYLE = Automatic;
				COMBINE_HIDPI_IMAGES = YES;
				CURRENT_PROJECT_VERSION = 145;
				DEAD_CODE_STRIPPING = YES;
				DEVELOPMENT_TEAM = 342L82G5GB;
				ENABLE_APP_SANDBOX = YES;
				ENABLE_HARDENED_RUNTIME = YES;
				ENABLE_PREVIEWS = YES;
				ENABLE_USER_SELECTED_FILES = readwrite;
				GENERATE_INFOPLIST_FILE = YES;
				INFOPLIST_FILE = Markify/Info.plist;
				INFOPLIST_KEY_CFBundleDisplayName = Markify;
				INFOPLIST_KEY_LSApplicationCategoryType = CFBundleDocumentTypes;
				INFOPLIST_KEY_NSHumanReadableCopyright = "Stephane Paquet";
				LD_RUNPATH_SEARCH_PATHS = (
					"$(inherited)",
					"@executable_path/../Frameworks",
				);
				MACOSX_DEPLOYMENT_TARGET = 14.6;
				MARKETING_VERSION = 1.2.1;
				PRODUCT_BUNDLE_IDENTIFIER = com.stephanepaquet.Markify;
				PRODUCT_NAME = "$(TARGET_NAME)";
				REGISTER_APP_GROUPS = YES;
				SWIFT_EMIT_LOC_STRINGS = YES;
				SWIFT_VERSION = 5.0;
			};
			name = Release;
		};
		76A5910D2DC952980033A6AC /* Debug */ = {
			isa = XCBuildConfiguration;
			buildSettings = {
				BUNDLE_LOADER = "$(TEST_HOST)";
				CODE_SIGN_STYLE = Automatic;
				CURRENT_PROJECT_VERSION = 1;
				DEAD_CODE_STRIPPING = YES;
				DEVELOPMENT_TEAM = 342L82G5GB;
				GENERATE_INFOPLIST_FILE = YES;
				MACOSX_DEPLOYMENT_TARGET = 15.4;
				MARKETING_VERSION = 1.0;
				PRODUCT_BUNDLE_IDENTIFIER = com.stephanepaquet.MarkifyTests;
				PRODUCT_NAME = "$(TARGET_NAME)";
				SWIFT_EMIT_LOC_STRINGS = NO;
				SWIFT_VERSION = 5.0;
				TEST_HOST = "$(BUILT_PRODUCTS_DIR)/Markify.app/$(BUNDLE_EXECUTABLE_FOLDER_PATH)/Markify";
			};
			name = Debug;
		};
		76A5910E2DC952980033A6AC /* Release */ = {
			isa = XCBuildConfiguration;
			buildSettings = {
				BUNDLE_LOADER = "$(TEST_HOST)";
				CODE_SIGN_STYLE = Automatic;
				CURRENT_PROJECT_VERSION = 1;
				DEAD_CODE_STRIPPING = YES;
				DEVELOPMENT_TEAM = 342L82G5GB;
				GENERATE_INFOPLIST_FILE = YES;
				MACOSX_DEPLOYMENT_TARGET = 15.4;
				MARKETING_VERSION = 1.0;
				PRODUCT_BUNDLE_IDENTIFIER = com.stephanepaquet.MarkifyTests;
				PRODUCT_NAME = "$(TARGET_NAME)";
				SWIFT_EMIT_LOC_STRINGS = NO;
				SWIFT_VERSION = 5.0;
				TEST_HOST = "$(BUILT_PRODUCTS_DIR)/Markify.app/$(BUNDLE_EXECUTABLE_FOLDER_PATH)/Markify";
			};
			name = Release;
		};
		76A591102DC952980033A6AC /* Debug */ = {
			isa = XCBuildConfiguration;
			buildSettings = {
				CODE_SIGN_STYLE = Automatic;
				CURRENT_PROJECT_VERSION = 1;
				DEAD_CODE_STRIPPING = YES;
				DEVELOPMENT_TEAM = 342L82G5GB;
				GENERATE_INFOPLIST_FILE = YES;
				MARKETING_VERSION = 1.0;
				PRODUCT_BUNDLE_IDENTIFIER = com.stephanepaquet.MarkifyUITests;
				PRODUCT_NAME = "$(TARGET_NAME)";
				SWIFT_EMIT_LOC_STRINGS = NO;
				SWIFT_VERSION = 5.0;
				TEST_TARGET_NAME = Markify;
			};
			name = Debug;
		};
		76A591112DC952980033A6AC /* Release */ = {
			isa = XCBuildConfiguration;
			buildSettings = {
				CODE_SIGN_STYLE = Automatic;
				CURRENT_PROJECT_VERSION = 1;
				DEAD_CODE_STRIPPING = YES;
				DEVELOPMENT_TEAM = 342L82G5GB;
				GENERATE_INFOPLIST_FILE = YES;
				MARKETING_VERSION = 1.0;
				PRODUCT_BUNDLE_IDENTIFIER = com.stephanepaquet.MarkifyUITests;
				PRODUCT_NAME = "$(TARGET_NAME)";
				SWIFT_EMIT_LOC_STRINGS = NO;
				SWIFT_VERSION = 5.0;
				TEST_TARGET_NAME = Markify;
			};
			name = Release;
		};
/* End XCBuildConfiguration section */

/* Begin XCConfigurationList section */
		76A590E22DC952970033A6AC /* Build configuration list for PBXProject "Markify" */ = {
			isa = XCConfigurationList;
			buildConfigurations = (
				76A591072DC952980033A6AC /* Debug */,
				76A591082DC952980033A6AC /* Release */,
			);
			defaultConfigurationIsVisible = 0;
			defaultConfigurationName = Release;
		};
		76A591092DC952980033A6AC /* Build configuration list for PBXNativeTarget "Markify" */ = {
			isa = XCConfigurationList;
			buildConfigurations = (
				76A5910A2DC952980033A6AC /* Debug */,
				76A5910B2DC952980033A6AC /* Release */,
			);
			defaultConfigurationIsVisible = 0;
			defaultConfigurationName = Release;
		};
		76A5910C2DC952980033A6AC /* Build configuration list for PBXNativeTarget "MarkifyTests" */ = {
			isa = XCConfigurationList;
			buildConfigurations = (
				76A5910D2DC952980033A6AC /* Debug */,
				76A5910E2DC952980033A6AC /* Release */,
			);
			defaultConfigurationIsVisible = 0;
			defaultConfigurationName = Release;
		};
		76A5910F2DC952980033A6AC /* Build configuration list for PBXNativeTarget "MarkifyUITests" */ = {
			isa = XCConfigurationList;
			buildConfigurations = (
				76A591102DC952980033A6AC /* Debug */,
				76A591112DC952980033A6AC /* Release */,
			);
			defaultConfigurationIsVisible = 0;
			defaultConfigurationName = Release;
		};
/* End XCConfigurationList section */

/* Begin XCRemoteSwiftPackageReference section */
		76A591122DC953870033A6AC /* XCRemoteSwiftPackageReference "swift-markdown-ui" */ = {
			isa = XCRemoteSwiftPackageReference;
			repositoryURL = "https://github.com/gonzalezreal/swift-markdown-ui";
			requirement = {
				kind = upToNextMajorVersion;
				minimumVersion = 2.4.1;
			};
		};
/* End XCRemoteSwiftPackageReference section */

/* Begin XCSwiftPackageProductDependency section */
		76A591132DC953870033A6AC /* MarkdownUI */ = {
			isa = XCSwiftPackageProductDependency;
			package = 76A591122DC953870033A6AC /* XCRemoteSwiftPackageReference "swift-markdown-ui" */;
			productName = MarkdownUI;
		};
/* End XCSwiftPackageProductDependency section */
	};
	rootObject = 76A590DF2DC952970033A6AC /* Project object */;
}
